
Microsoft Visual Studio Solution File, Format Version 12.00
# Visual Studio 15
VisualStudioVersion = 15.0.28010.2041
MinimumVisualStudioVersion = 10.0.40219.1
Project("{FAE04EC0-301F-11D3-BF4B-00C04F79EFBC}") = "VersionManagementCenter", "VersionManagementCenter\VersionManagementCenter.csproj", "{ADBE3B43-F6E2-46A7-A593-055331FD5A79}"
EndProject
Project("{FAE04EC0-301F-11D3-BF4B-00C04F79EFBC}") = "SMZDM.Model", "SMZDM.Model\SMZDM.Model.csproj", "{0981550C-ADD4-43F1-AE07-8E976CD6A4BF}"
EndProject
Project("{FAE04EC0-301F-11D3-BF4B-00C04F79EFBC}") = "SMZDM.Common", "SMZDM.Common\SMZDM.Common.csproj", "{2FEB2307-7955-45D6-8796-09C2BD2B0060}"
EndProject
Project("{FAE04EC0-301F-11D3-BF4B-00C04F79EFBC}") = "SchedulePackage", "SchedulePackage\SchedulePackage.csproj", "{E78DD53E-36D3-4755-991A-49C3E411F45B}"
EndProject
Project("{FAE04EC0-301F-11D3-BF4B-00C04F79EFBC}") = "SyncVersion", "SyncVersion\SyncVersion.csproj", "{3858CD26-3B5A-4415-89FB-8549EF9434E0}"
EndProject
Project("{FAE04EC0-301F-11D3-BF4B-00C04F79EFBC}") = "VersionManagementCenter.Tests", "VersionManagementCenter.Tests\VersionManagementCenter.Tests.csproj", "{324558CA-46A7-48AA-82A0-CD50925BE7C5}"
EndProject
Global
	GlobalSection(SolutionConfigurationPlatforms) = preSolution
		Debug|Any CPU = Debug|Any CPU
		Release|Any CPU = Release|Any CPU
	EndGlobalSection
	GlobalSection(ProjectConfigurationPlatforms) = postSolution
		{ADBE3B43-F6E2-46A7-A593-055331FD5A79}.Debug|Any CPU.ActiveCfg = Debug|Any CPU
		{ADBE3B43-F6E2-46A7-A593-055331FD5A79}.Debug|Any CPU.Build.0 = Debug|Any CPU
		{ADBE3B43-F6E2-46A7-A593-055331FD5A79}.Release|Any CPU.ActiveCfg = Release|Any CPU
		{ADBE3B43-F6E2-46A7-A593-055331FD5A79}.Release|Any CPU.Build.0 = Release|Any CPU
		{0981550C-ADD4-43F1-AE07-8E976CD6A4BF}.Debug|Any CPU.ActiveCfg = Debug|Any CPU
		{0981550C-ADD4-43F1-AE07-8E976CD6A4BF}.Debug|Any CPU.Build.0 = Debug|Any CPU
		{0981550C-ADD4-43F1-AE07-8E976CD6A4BF}.Release|Any CPU.ActiveCfg = Release|Any CPU
		{0981550C-ADD4-43F1-AE07-8E976CD6A4BF}.Release|Any CPU.Build.0 = Release|Any CPU
		{2FEB2307-7955-45D6-8796-09C2BD2B0060}.Debug|Any CPU.ActiveCfg = Debug|Any CPU
		{2FEB2307-7955-45D6-8796-09C2BD2B0060}.Debug|Any CPU.Build.0 = Debug|Any CPU
		{2FEB2307-7955-45D6-8796-09C2BD2B0060}.Release|Any CPU.ActiveCfg = Release|Any CPU
		{2FEB2307-7955-45D6-8796-09C2BD2B0060}.Release|Any CPU.Build.0 = Release|Any CPU
		{E78DD53E-36D3-4755-991A-49C3E411F45B}.Debug|Any CPU.ActiveCfg = Debug|Any CPU
		{E78DD53E-36D3-4755-991A-49C3E411F45B}.Debug|Any CPU.Build.0 = Debug|Any CPU
		{E78DD53E-36D3-4755-991A-49C3E411F45B}.Release|Any CPU.ActiveCfg = Release|Any CPU
		{E78DD53E-36D3-4755-991A-49C3E411F45B}.Release|Any CPU.Build.0 = Release|Any CPU
		{3858CD26-3B5A-4415-89FB-8549EF9434E0}.Debug|Any CPU.ActiveCfg = Debug|Any CPU
		{3858CD26-3B5A-4415-89FB-8549EF9434E0}.Debug|Any CPU.Build.0 = Debug|Any CPU
		{3858CD26-3B5A-4415-89FB-8549EF9434E0}.Release|Any CPU.ActiveCfg = Release|Any CPU
		{3858CD26-3B5A-4415-89FB-8549EF9434E0}.Release|Any CPU.Build.0 = Release|Any CPU
		{324558CA-46A7-48AA-82A0-CD50925BE7C5}.Debug|Any CPU.ActiveCfg = Debug|Any CPU
		{324558CA-46A7-48AA-82A0-CD50925BE7C5}.Debug|Any CPU.Build.0 = Debug|Any CPU
		{324558CA-46A7-48AA-82A0-CD50925BE7C5}.Release|Any CPU.ActiveCfg = Release|Any CPU
		{324558CA-46A7-48AA-82A0-CD50925BE7C5}.Release|Any CPU.Build.0 = Release|Any CPU
	EndGlobalSection
	GlobalSection(SolutionProperties) = preSolution
		HideSolutionNode = FALSE
	EndGlobalSection
	GlobalSection(ExtensibilityGlobals) = postSolution
		SolutionGuid = {1FFA7A17-3C47-44BD-B42E-C2DAB89940DF}
	EndGlobalSection
EndGlobal
